// !$*UTF8*$!
{
	archiveVersion = 1;
	classes = {
	};
	objectVersion = 56;
	objects = {

/* Begin PBXBuildFile section */
		D4CDB09929CA5B5500155EEA /* Store.swift in Sources */ = {isa = PBXBuildFile; fileRef = D4CDB09829CA5B5500155EEA /* Store.swift */; };
		D4CDB09B29CBA7D300155EEA /* SearchRepositoryStore.swift in Sources */ = {isa = PBXBuildFile; fileRef = D4CDB09A29CBA7D300155EEA /* SearchRepositoryStore.swift */; };
		D4D9B50229C3C1E300C5010D /* AppDelegate.swift in Sources */ = {isa = PBXBuildFile; fileRef = D4D9B50129C3C1E300C5010D /* AppDelegate.swift */; };
		D4D9B50429C3C1E300C5010D /* SceneDelegate.swift in Sources */ = {isa = PBXBuildFile; fileRef = D4D9B50329C3C1E300C5010D /* SceneDelegate.swift */; };
		D4D9B50629C3C1E300C5010D /* RepositorySearchViewController.swift in Sources */ = {isa = PBXBuildFile; fileRef = D4D9B50529C3C1E300C5010D /* RepositorySearchViewController.swift */; };
		D4D9B50929C3C1E300C5010D /* Main.storyboard in Resources */ = {isa = PBXBuildFile; fileRef = D4D9B50729C3C1E300C5010D /* Main.storyboard */; };
		D4D9B50B29C3C1E600C5010D /* Assets.xcassets in Resources */ = {isa = PBXBuildFile; fileRef = D4D9B50A29C3C1E600C5010D /* Assets.xcassets */; };
		D4D9B50E29C3C1E600C5010D /* LaunchScreen.storyboard in Resources */ = {isa = PBXBuildFile; fileRef = D4D9B50C29C3C1E600C5010D /* LaunchScreen.storyboard */; };
		D4D9B51629C3C8A600C5010D /* ActionCreator.swift in Sources */ = {isa = PBXBuildFile; fileRef = D4D9B51529C3C8A600C5010D /* ActionCreator.swift */; };
		D4D9B51829C3C8D400C5010D /* Action.swift in Sources */ = {isa = PBXBuildFile; fileRef = D4D9B51729C3C8D400C5010D /* Action.swift */; };
		D4D9B51E29C3CA0E00C5010D /* Repository.swift in Sources */ = {isa = PBXBuildFile; fileRef = D4D9B51D29C3CA0E00C5010D /* Repository.swift */; };
		D4D9B52029C3CA3300C5010D /* User.swift in Sources */ = {isa = PBXBuildFile; fileRef = D4D9B51F29C3CA3300C5010D /* User.swift */; };
		D4D9B52229C520A800C5010D /* GitHubApiSession.swift in Sources */ = {isa = PBXBuildFile; fileRef = D4D9B52129C520A800C5010D /* GitHubApiSession.swift */; };
		D4D9B52529C5216F00C5010D /* Pagination.swift in Sources */ = {isa = PBXBuildFile; fileRef = D4D9B52429C5216F00C5010D /* Pagination.swift */; };
		D4D9B52829C5231500C5010D /* Session.swift in Sources */ = {isa = PBXBuildFile; fileRef = D4D9B52729C5231500C5010D /* Session.swift */; };
		D4D9B52A29C5234900C5010D /* AccessToken.swift in Sources */ = {isa = PBXBuildFile; fileRef = D4D9B52929C5234900C5010D /* AccessToken.swift */; };
		D4D9B52D29C5238800C5010D /* Request.swift in Sources */ = {isa = PBXBuildFile; fileRef = D4D9B52C29C5238800C5010D /* Request.swift */; };
		D4D9B52F29C524D600C5010D /* SearchRepositoryRequest.swift in Sources */ = {isa = PBXBuildFile; fileRef = D4D9B52E29C524D600C5010D /* SearchRepositoryRequest.swift */; };
		D4D9B53129C5250000C5010D /* ItemsResponse.swift in Sources */ = {isa = PBXBuildFile; fileRef = D4D9B53029C5250000C5010D /* ItemsResponse.swift */; };
		D4D9B53429C9090E00C5010D /* Dispatcher.swift in Sources */ = {isa = PBXBuildFile; fileRef = D4D9B53329C9090E00C5010D /* Dispatcher.swift */; };
/* End PBXBuildFile section */

/* Begin PBXFileReference section */
		D4CDB09829CA5B5500155EEA /* Store.swift */ = {isa = PBXFileReference; lastKnownFileType = sourcecode.swift; path = Store.swift; sourceTree = "<group>"; };
		D4CDB09A29CBA7D300155EEA /* SearchRepositoryStore.swift */ = {isa = PBXFileReference; lastKnownFileType = sourcecode.swift; path = SearchRepositoryStore.swift; sourceTree = "<group>"; };
		D4D9B4FE29C3C1E300C5010D /* FLUXSample.app */ = {isa = PBXFileReference; explicitFileType = wrapper.application; includeInIndex = 0; path = FLUXSample.app; sourceTree = BUILT_PRODUCTS_DIR; };
		D4D9B50129C3C1E300C5010D /* AppDelegate.swift */ = {isa = PBXFileReference; lastKnownFileType = sourcecode.swift; path = AppDelegate.swift; sourceTree = "<group>"; };
		D4D9B50329C3C1E300C5010D /* SceneDelegate.swift */ = {isa = PBXFileReference; lastKnownFileType = sourcecode.swift; path = SceneDelegate.swift; sourceTree = "<group>"; };
		D4D9B50529C3C1E300C5010D /* RepositorySearchViewController.swift */ = {isa = PBXFileReference; lastKnownFileType = sourcecode.swift; path = RepositorySearchViewController.swift; sourceTree = "<group>"; };
		D4D9B50829C3C1E300C5010D /* Base */ = {isa = PBXFileReference; lastKnownFileType = file.storyboard; name = Base; path = Base.lproj/Main.storyboard; sourceTree = "<group>"; };
		D4D9B50A29C3C1E600C5010D /* Assets.xcassets */ = {isa = PBXFileReference; lastKnownFileType = folder.assetcatalog; path = Assets.xcassets; sourceTree = "<group>"; };
		D4D9B50D29C3C1E600C5010D /* Base */ = {isa = PBXFileReference; lastKnownFileType = file.storyboard; name = Base; path = Base.lproj/LaunchScreen.storyboard; sourceTree = "<group>"; };
		D4D9B50F29C3C1E600C5010D /* Info.plist */ = {isa = PBXFileReference; lastKnownFileType = text.plist.xml; path = Info.plist; sourceTree = "<group>"; };
		D4D9B51529C3C8A600C5010D /* ActionCreator.swift */ = {isa = PBXFileReference; lastKnownFileType = sourcecode.swift; path = ActionCreator.swift; sourceTree = "<group>"; };
		D4D9B51729C3C8D400C5010D /* Action.swift */ = {isa = PBXFileReference; lastKnownFileType = sourcecode.swift; path = Action.swift; sourceTree = "<group>"; };
		D4D9B51D29C3CA0E00C5010D /* Repository.swift */ = {isa = PBXFileReference; lastKnownFileType = sourcecode.swift; path = Repository.swift; sourceTree = "<group>"; };
		D4D9B51F29C3CA3300C5010D /* User.swift */ = {isa = PBXFileReference; lastKnownFileType = sourcecode.swift; path = User.swift; sourceTree = "<group>"; };
		D4D9B52129C520A800C5010D /* GitHubApiSession.swift */ = {isa = PBXFileReference; lastKnownFileType = sourcecode.swift; path = GitHubApiSession.swift; sourceTree = "<group>"; };
		D4D9B52429C5216F00C5010D /* Pagination.swift */ = {isa = PBXFileReference; lastKnownFileType = sourcecode.swift; path = Pagination.swift; sourceTree = "<group>"; };
		D4D9B52729C5231500C5010D /* Session.swift */ = {isa = PBXFileReference; lastKnownFileType = sourcecode.swift; path = Session.swift; sourceTree = "<group>"; };
		D4D9B52929C5234900C5010D /* AccessToken.swift */ = {isa = PBXFileReference; lastKnownFileType = sourcecode.swift; path = AccessToken.swift; sourceTree = "<group>"; };
		D4D9B52C29C5238800C5010D /* Request.swift */ = {isa = PBXFileReference; lastKnownFileType = sourcecode.swift; path = Request.swift; sourceTree = "<group>"; };
		D4D9B52E29C524D600C5010D /* SearchRepositoryRequest.swift */ = {isa = PBXFileReference; lastKnownFileType = sourcecode.swift; path = SearchRepositoryRequest.swift; sourceTree = "<group>"; };
		D4D9B53029C5250000C5010D /* ItemsResponse.swift */ = {isa = PBXFileReference; lastKnownFileType = sourcecode.swift; path = ItemsResponse.swift; sourceTree = "<group>"; };
		D4D9B53329C9090E00C5010D /* Dispatcher.swift */ = {isa = PBXFileReference; lastKnownFileType = sourcecode.swift; path = Dispatcher.swift; sourceTree = "<group>"; };
/* End PBXFileReference section */

/* Begin PBXFrameworksBuildPhase section */
		D4D9B4FB29C3C1E300C5010D /* Frameworks */ = {
			isa = PBXFrameworksBuildPhase;
			buildActionMask = 2147483647;
			files = (
			);
			runOnlyForDeploymentPostprocessing = 0;
		};
/* End PBXFrameworksBuildPhase section */

/* Begin PBXGroup section */
		D4D9B4F529C3C1E300C5010D = {
			isa = PBXGroup;
			children = (
				D4D9B50029C3C1E300C5010D /* FLUXSample */,
				D4D9B4FF29C3C1E300C5010D /* Products */,
			);
			sourceTree = "<group>";
		};
		D4D9B4FF29C3C1E300C5010D /* Products */ = {
			isa = PBXGroup;
			children = (
				D4D9B4FE29C3C1E300C5010D /* FLUXSample.app */,
			);
			name = Products;
			sourceTree = "<group>";
		};
		D4D9B50029C3C1E300C5010D /* FLUXSample */ = {
			isa = PBXGroup;
			children = (
				D4D9B53229C908FC00C5010D /* Flux */,
				D4D9B51929C3C9D700C5010D /* GitHub */,
				D4D9B50129C3C1E300C5010D /* AppDelegate.swift */,
				D4D9B50329C3C1E300C5010D /* SceneDelegate.swift */,
				D4D9B50529C3C1E300C5010D /* RepositorySearchViewController.swift */,
				D4D9B50729C3C1E300C5010D /* Main.storyboard */,
				D4D9B50A29C3C1E600C5010D /* Assets.xcassets */,
				D4D9B50C29C3C1E600C5010D /* LaunchScreen.storyboard */,
				D4D9B50F29C3C1E600C5010D /* Info.plist */,
				D4D9B51729C3C8D400C5010D /* Action.swift */,
			);
			path = FLUXSample;
			sourceTree = "<group>";
		};
		D4D9B51929C3C9D700C5010D /* GitHub */ = {
			isa = PBXGroup;
			children = (
				D4D9B52629C5230A00C5010D /* API */,
				D4D9B52329C5216200C5010D /* Response */,
				D4D9B51C29C3C9FD00C5010D /* Entity */,
				D4D9B52129C520A800C5010D /* GitHubApiSession.swift */,
			);
			path = GitHub;
			sourceTree = "<group>";
		};
		D4D9B51C29C3C9FD00C5010D /* Entity */ = {
			isa = PBXGroup;
			children = (
				D4D9B51D29C3CA0E00C5010D /* Repository.swift */,
				D4D9B51F29C3CA3300C5010D /* User.swift */,
				D4D9B52929C5234900C5010D /* AccessToken.swift */,
			);
			path = Entity;
			sourceTree = "<group>";
		};
		D4D9B52329C5216200C5010D /* Response */ = {
			isa = PBXGroup;
			children = (
				D4D9B52429C5216F00C5010D /* Pagination.swift */,
				D4D9B53029C5250000C5010D /* ItemsResponse.swift */,
			);
			path = Response;
			sourceTree = "<group>";
		};
		D4D9B52629C5230A00C5010D /* API */ = {
			isa = PBXGroup;
			children = (
				D4D9B52B29C5237500C5010D /* Request */,
				D4D9B52729C5231500C5010D /* Session.swift */,
			);
			path = API;
			sourceTree = "<group>";
		};
		D4D9B52B29C5237500C5010D /* Request */ = {
			isa = PBXGroup;
			children = (
				D4D9B52C29C5238800C5010D /* Request.swift */,
				D4D9B52E29C524D600C5010D /* SearchRepositoryRequest.swift */,
			);
			path = Request;
			sourceTree = "<group>";
		};
		D4D9B53229C908FC00C5010D /* Flux */ = {
			isa = PBXGroup;
			children = (
				D4D9B51529C3C8A600C5010D /* ActionCreator.swift */,
				D4D9B53329C9090E00C5010D /* Dispatcher.swift */,
				D4CDB09829CA5B5500155EEA /* Store.swift */,
				D4CDB09A29CBA7D300155EEA /* SearchRepositoryStore.swift */,
			);
			path = Flux;
			sourceTree = "<group>";
		};
/* End PBXGroup section */

/* Begin PBXNativeTarget section */
		D4D9B4FD29C3C1E300C5010D /* FLUXSample */ = {
			isa = PBXNativeTarget;
			buildConfigurationList = D4D9B51229C3C1E600C5010D /* Build configuration list for PBXNativeTarget "FLUXSample" */;
			buildPhases = (
				D4D9B4FA29C3C1E300C5010D /* Sources */,
				D4D9B4FB29C3C1E300C5010D /* Frameworks */,
				D4D9B4FC29C3C1E300C5010D /* Resources */,
			);
			buildRules = (
			);
			dependencies = (
			);
			name = FLUXSample;
			productName = FLUXSample;
			productReference = D4D9B4FE29C3C1E300C5010D /* FLUXSample.app */;
			productType = "com.apple.product-type.application";
		};
/* End PBXNativeTarget section */

/* Begin PBXProject section */
		D4D9B4F629C3C1E300C5010D /* Project object */ = {
			isa = PBXProject;
			attributes = {
				BuildIndependentTargetsInParallel = 1;
				LastSwiftUpdateCheck = 1420;
				LastUpgradeCheck = 1420;
				TargetAttributes = {
					D4D9B4FD29C3C1E300C5010D = {
						CreatedOnToolsVersion = 14.2;
					};
				};
			};
			buildConfigurationList = D4D9B4F929C3C1E300C5010D /* Build configuration list for PBXProject "FLUXSample" */;
			compatibilityVersion = "Xcode 14.0";
			developmentRegion = en;
			hasScannedForEncodings = 0;
			knownRegions = (
				en,
				Base,
			);
			mainGroup = D4D9B4F529C3C1E300C5010D;
			productRefGroup = D4D9B4FF29C3C1E300C5010D /* Products */;
			projectDirPath = "";
			projectRoot = "";
			targets = (
				D4D9B4FD29C3C1E300C5010D /* FLUXSample */,
			);
		};
/* End PBXProject section */

/* Begin PBXResourcesBuildPhase section */
		D4D9B4FC29C3C1E300C5010D /* Resources */ = {
			isa = PBXResourcesBuildPhase;
			buildActionMask = 2147483647;
			files = (
				D4D9B50E29C3C1E600C5010D /* LaunchScreen.storyboard in Resources */,
				D4D9B50B29C3C1E600C5010D /* Assets.xcassets in Resources */,
				D4D9B50929C3C1E300C5010D /* Main.storyboard in Resources */,
			);
			runOnlyForDeploymentPostprocessing = 0;
		};
/* End PBXResourcesBuildPhase section */

/* Begin PBXSourcesBuildPhase section */
		D4D9B4FA29C3C1E300C5010D /* Sources */ = {
			isa = PBXSourcesBuildPhase;
			buildActionMask = 2147483647;
			files = (
				D4D9B52829C5231500C5010D /* Session.swift in Sources */,
				D4D9B53129C5250000C5010D /* ItemsResponse.swift in Sources */,
				D4D9B52D29C5238800C5010D /* Request.swift in Sources */,
				D4CDB09929CA5B5500155EEA /* Store.swift in Sources */,
				D4D9B51629C3C8A600C5010D /* ActionCreator.swift in Sources */,
				D4CDB09B29CBA7D300155EEA /* SearchRepositoryStore.swift in Sources */,
				D4D9B50629C3C1E300C5010D /* RepositorySearchViewController.swift in Sources */,
				D4D9B52229C520A800C5010D /* GitHubApiSession.swift in Sources */,
				D4D9B50229C3C1E300C5010D /* AppDelegate.swift in Sources */,
				D4D9B51829C3C8D400C5010D /* Action.swift in Sources */,
				D4D9B52F29C524D600C5010D /* SearchRepositoryRequest.swift in Sources */,
				D4D9B50429C3C1E300C5010D /* SceneDelegate.swift in Sources */,
				D4D9B52529C5216F00C5010D /* Pagination.swift in Sources */,
				D4D9B51E29C3CA0E00C5010D /* Repository.swift in Sources */,
				D4D9B52029C3CA3300C5010D /* User.swift in Sources */,
				D4D9B52A29C5234900C5010D /* AccessToken.swift in Sources */,
				D4D9B53429C9090E00C5010D /* Dispatcher.swift in Sources */,
			);
			runOnlyForDeploymentPostprocessing = 0;
		};
/* End PBXSourcesBuildPhase section */

/* Begin PBXVariantGroup section */
		D4D9B50729C3C1E300C5010D /* Main.storyboard */ = {
			isa = PBXVariantGroup;
			children = (
				D4D9B50829C3C1E300C5010D /* Base */,
			);
			name = Main.storyboard;
			sourceTree = "<group>";
		};
		D4D9B50C29C3C1E600C5010D /* LaunchScreen.storyboard */ = {
			isa = PBXVariantGroup;
			children = (
				D4D9B50D29C3C1E600C5010D /* Base */,
			);
			name = LaunchScreen.storyboard;
			sourceTree = "<group>";
		};
/* End PBXVariantGroup section */

/* Begin XCBuildConfiguration section */
		D4D9B51029C3C1E600C5010D /* Debug */ = {
			isa = XCBuildConfiguration;
			buildSettings = {
				ALWAYS_SEARCH_USER_PATHS = NO;
				CLANG_ANALYZER_NONNULL = YES;
				CLANG_ANALYZER_NUMBER_OBJECT_CONVERSION = YES_AGGRESSIVE;
				CLANG_CXX_LANGUAGE_STANDARD = "gnu++20";
				CLANG_ENABLE_MODULES = YES;
				CLANG_ENABLE_OBJC_ARC = YES;
				CLANG_ENABLE_OBJC_WEAK = YES;
				CLANG_WARN_BLOCK_CAPTURE_AUTORELEASING = YES;
				CLANG_WARN_BOOL_CONVERSION = YES;
				CLANG_WARN_COMMA = YES;
				CLANG_WARN_CONSTANT_CONVERSION = YES;
				CLANG_WARN_DEPRECATED_OBJC_IMPLEMENTATIONS = YES;
				CLANG_WARN_DIRECT_OBJC_ISA_USAGE = YES_ERROR;
				CLANG_WARN_DOCUMENTATION_COMMENTS = YES;
				CLANG_WARN_EMPTY_BODY = YES;
				CLANG_WARN_ENUM_CONVERSION = YES;
				CLANG_WARN_INFINITE_RECURSION = YES;
				CLANG_WARN_INT_CONVERSION = YES;
				CLANG_WARN_NON_LITERAL_NULL_CONVERSION = YES;
				CLANG_WARN_OBJC_IMPLICIT_RETAIN_SELF = YES;
				CLANG_WARN_OBJC_LITERAL_CONVERSION = YES;
				CLANG_WARN_OBJC_ROOT_CLASS = YES_ERROR;
				CLANG_WARN_QUOTED_INCLUDE_IN_FRAMEWORK_HEADER = YES;
				CLANG_WARN_RANGE_LOOP_ANALYSIS = YES;
				CLANG_WARN_STRICT_PROTOTYPES = YES;
				CLANG_WARN_SUSPICIOUS_MOVE = YES;
				CLANG_WARN_UNGUARDED_AVAILABILITY = YES_AGGRESSIVE;
				CLANG_WARN_UNREACHABLE_CODE = YES;
				CLANG_WARN__DUPLICATE_METHOD_MATCH = YES;
				COPY_PHASE_STRIP = NO;
				DEBUG_INFORMATION_FORMAT = dwarf;
				ENABLE_STRICT_OBJC_MSGSEND = YES;
				ENABLE_TESTABILITY = YES;
				GCC_C_LANGUAGE_STANDARD = gnu11;
				GCC_DYNAMIC_NO_PIC = NO;
				GCC_NO_COMMON_BLOCKS = YES;
				GCC_OPTIMIZATION_LEVEL = 0;
				GCC_PREPROCESSOR_DEFINITIONS = (
					"DEBUG=1",
					"$(inherited)",
				);
				GCC_WARN_64_TO_32_BIT_CONVERSION = YES;
				GCC_WARN_ABOUT_RETURN_TYPE = YES_ERROR;
				GCC_WARN_UNDECLARED_SELECTOR = YES;
				GCC_WARN_UNINITIALIZED_AUTOS = YES_AGGRESSIVE;
				GCC_WARN_UNUSED_FUNCTION = YES;
				GCC_WARN_UNUSED_VARIABLE = YES;
				IPHONEOS_DEPLOYMENT_TARGET = 16.2;
				MTL_ENABLE_DEBUG_INFO = INCLUDE_SOURCE;
				MTL_FAST_MATH = YES;
				ONLY_ACTIVE_ARCH = YES;
				SDKROOT = iphoneos;
				SWIFT_ACTIVE_COMPILATION_CONDITIONS = DEBUG;
				SWIFT_OPTIMIZATION_LEVEL = "-Onone";
			};
			name = Debug;
		};
		D4D9B51129C3C1E600C5010D /* Release */ = {
			isa = XCBuildConfiguration;
			buildSettings = {
				ALWAYS_SEARCH_USER_PATHS = NO;
				CLANG_ANALYZER_NONNULL = YES;
				CLANG_ANALYZER_NUMBER_OBJECT_CONVERSION = YES_AGGRESSIVE;
				CLANG_CXX_LANGUAGE_STANDARD = "gnu++20";
				CLANG_ENABLE_MODULES = YES;
				CLANG_ENABLE_OBJC_ARC = YES;
				CLANG_ENABLE_OBJC_WEAK = YES;
				CLANG_WARN_BLOCK_CAPTURE_AUTORELEASING = YES;
				CLANG_WARN_BOOL_CONVERSION = YES;
				CLANG_WARN_COMMA = YES;
				CLANG_WARN_CONSTANT_CONVERSION = YES;
				CLANG_WARN_DEPRECATED_OBJC_IMPLEMENTATIONS = YES;
				CLANG_WARN_DIRECT_OBJC_ISA_USAGE = YES_ERROR;
				CLANG_WARN_DOCUMENTATION_COMMENTS = YES;
				CLANG_WARN_EMPTY_BODY = YES;
				CLANG_WARN_ENUM_CONVERSION = YES;
				CLANG_WARN_INFINITE_RECURSION = YES;
				CLANG_WARN_INT_CONVERSION = YES;
				CLANG_WARN_NON_LITERAL_NULL_CONVERSION = YES;
				CLANG_WARN_OBJC_IMPLICIT_RETAIN_SELF = YES;
				CLANG_WARN_OBJC_LITERAL_CONVERSION = YES;
				CLANG_WARN_OBJC_ROOT_CLASS = YES_ERROR;
				CLANG_WARN_QUOTED_INCLUDE_IN_FRAMEWORK_HEADER = YES;
				CLANG_WARN_RANGE_LOOP_ANALYSIS = YES;
				CLANG_WARN_STRICT_PROTOTYPES = YES;
				CLANG_WARN_SUSPICIOUS_MOVE = YES;
				CLANG_WARN_UNGUARDED_AVAILABILITY = YES_AGGRESSIVE;
				CLANG_WARN_UNREACHABLE_CODE = YES;
				CLANG_WARN__DUPLICATE_METHOD_MATCH = YES;
				COPY_PHASE_STRIP = NO;
				DEBUG_INFORMATION_FORMAT = "dwarf-with-dsym";
				ENABLE_NS_ASSERTIONS = NO;
				ENABLE_STRICT_OBJC_MSGSEND = YES;
				GCC_C_LANGUAGE_STANDARD = gnu11;
				GCC_NO_COMMON_BLOCKS = YES;
				GCC_WARN_64_TO_32_BIT_CONVERSION = YES;
				GCC_WARN_ABOUT_RETURN_TYPE = YES_ERROR;
				GCC_WARN_UNDECLARED_SELECTOR = YES;
				GCC_WARN_UNINITIALIZED_AUTOS = YES_AGGRESSIVE;
				GCC_WARN_UNUSED_FUNCTION = YES;
				GCC_WARN_UNUSED_VARIABLE = YES;
				IPHONEOS_DEPLOYMENT_TARGET = 16.2;
				MTL_ENABLE_DEBUG_INFO = NO;
				MTL_FAST_MATH = YES;
				SDKROOT = iphoneos;
				SWIFT_COMPILATION_MODE = wholemodule;
				SWIFT_OPTIMIZATION_LEVEL = "-O";
				VALIDATE_PRODUCT = YES;
			};
			name = Release;
		};
		D4D9B51329C3C1E600C5010D /* Debug */ = {
			isa = XCBuildConfiguration;
			buildSettings = {
				ASSETCATALOG_COMPILER_APPICON_NAME = AppIcon;
				ASSETCATALOG_COMPILER_GLOBAL_ACCENT_COLOR_NAME = AccentColor;
				CODE_SIGN_STYLE = Automatic;
				CURRENT_PROJECT_VERSION = 1;
				DEVELOPMENT_TEAM = 95L82PNXV3;
				GENERATE_INFOPLIST_FILE = YES;
				INFOPLIST_FILE = FLUXSample/Info.plist;
				INFOPLIST_KEY_UIApplicationSupportsIndirectInputEvents = YES;
				INFOPLIST_KEY_UILaunchStoryboardName = LaunchScreen;
				INFOPLIST_KEY_UIMainStoryboardFile = Main;
				INFOPLIST_KEY_UISupportedInterfaceOrientations_iPad = "UIInterfaceOrientationPortrait UIInterfaceOrientationPortraitUpsideDown UIInterfaceOrientationLandscapeLeft UIInterfaceOrientationLandscapeRight";
				INFOPLIST_KEY_UISupportedInterfaceOrientations_iPhone = "UIInterfaceOrientationPortrait UIInterfaceOrientationLandscapeLeft UIInterfaceOrientationLandscapeRight";
				LD_RUNPATH_SEARCH_PATHS = (
					"$(inherited)",
					"@executable_path/Frameworks",
				);
				MARKETING_VERSION = 1.0;
				PRODUCT_BUNDLE_IDENTIFIER = com.kamimi.FLUXSample;
				PRODUCT_NAME = "$(TARGET_NAME)";
				SWIFT_EMIT_LOC_STRINGS = YES;
				SWIFT_VERSION = 5.0;
				TARGETED_DEVICE_FAMILY = "1,2";
			};
			name = Debug;
		};
		D4D9B51429C3C1E600C5010D /* Release */ = {
			isa = XCBuildConfiguration;
			buildSettings = {
				ASSETCATALOG_COMPILER_APPICON_NAME = AppIcon;
				ASSETCATALOG_COMPILER_GLOBAL_ACCENT_COLOR_NAME = AccentColor;
				CODE_SIGN_STYLE = Automatic;
				CURRENT_PROJECT_VERSION = 1;
				DEVELOPMENT_TEAM = 95L82PNXV3;
				GENERATE_INFOPLIST_FILE = YES;
				INFOPLIST_FILE = FLUXSample/Info.plist;
				INFOPLIST_KEY_UIApplicationSupportsIndirectInputEvents = YES;
				INFOPLIST_KEY_UILaunchStoryboardName = LaunchScreen;
				INFOPLIST_KEY_UIMainStoryboardFile = Main;
				INFOPLIST_KEY_UISupportedInterfaceOrientations_iPad = "UIInterfaceOrientationPortrait UIInterfaceOrientationPortraitUpsideDown UIInterfaceOrientationLandscapeLeft UIInterfaceOrientationLandscapeRight";
				INFOPLIST_KEY_UISupportedInterfaceOrientations_iPhone = "UIInterfaceOrientationPortrait UIInterfaceOrientationLandscapeLeft UIInterfaceOrientationLandscapeRight";
				LD_RUNPATH_SEARCH_PATHS = (
					"$(inherited)",
					"@executable_path/Frameworks",
				);
				MARKETING_VERSION = 1.0;
				PRODUCT_BUNDLE_IDENTIFIER = com.kamimi.FLUXSample;
				PRODUCT_NAME = "$(TARGET_NAME)";
				SWIFT_EMIT_LOC_STRINGS = YES;
				SWIFT_VERSION = 5.0;
				TARGETED_DEVICE_FAMILY = "1,2";
			};
			name = Release;
		};
/* End XCBuildConfiguration section */

/* Begin XCConfigurationList section */
		D4D9B4F929C3C1E300C5010D /* Build configuration list for PBXProject "FLUXSample" */ = {
			isa = XCConfigurationList;
			buildConfigurations = (
				D4D9B51029C3C1E600C5010D /* Debug */,
				D4D9B51129C3C1E600C5010D /* Release */,
			);
			defaultConfigurationIsVisible = 0;
			defaultConfigurationName = Release;
		};
		D4D9B51229C3C1E600C5010D /* Build configuration list for PBXNativeTarget "FLUXSample" */ = {
			isa = XCConfigurationList;
			buildConfigurations = (
				D4D9B51329C3C1E600C5010D /* Debug */,
				D4D9B51429C3C1E600C5010D /* Release */,
			);
			defaultConfigurationIsVisible = 0;
			defaultConfigurationName = Release;
		};
/* End XCConfigurationList section */
	};
	rootObject = D4D9B4F629C3C1E300C5010D /* Project object */;
}
